# This file is @generated by PDM.
# It is not intended for manual editing.

[metadata]
groups = ["default"]
strategy = ["inherit_metadata"]
lock_version = "4.5.0"
content_hash = "sha256:7f9f607ab91f811c1902fb9322fc7a73d99f064d4a96adc37fc885eab7e67f4b"

[[metadata.targets]]
requires_python = "==3.12.*"

[[package]]
name = "bottle"
version = "0.13.4"
summary = "Fast and simple WSGI-framework for small web-applications."
groups = ["default"]
files = [
    {file = "bottle-0.13.4-py2.py3-none-any.whl", hash = "sha256:045684fbd2764eac9cdeb824861d1551d113e8b683d8d26e296898d3dd99a12e"},
    {file = "bottle-0.13.4.tar.gz", hash = "sha256:787e78327e12b227938de02248333d788cfe45987edca735f8f88e03472c3f47"},
]

[[package]]
name = "cffi"
version = "2.0.0"
requires_python = ">=3.9"
summary = "Foreign Function Interface for Python calling C code."
groups = ["default"]
marker = "python_version >= \"3.8\" and sys_platform == \"win32\""
dependencies = [
    "pycparser; implementation_name != \"PyPy\"",
]
files = [
    {file = "cffi-2.0.0-cp312-cp312-macosx_10_13_x86_64.whl", hash = "sha256:6d02d6655b0e54f54c4ef0b94eb6be0607b70853c45ce98bd278dc7de718be5d"},
    {file = "cffi-2.0.0-cp312-cp312-macosx_11_0_arm64.whl", hash = "sha256:8eca2a813c1cb7ad4fb74d368c2ffbbb4789d377ee5bb8df98373c2cc0dee76c"},
    {file = "cffi-2.0.0-cp312-cp312-manylinux1_i686.manylinux2014_i686.manylinux_2_17_i686.manylinux_2_5_i686.whl", hash = "sha256:21d1152871b019407d8ac3985f6775c079416c282e431a4da6afe7aefd2bccbe"},
    {file = "cffi-2.0.0-cp312-cp312-manylinux2014_aarch64.manylinux_2_17_aarch64.whl", hash = "sha256:b21e08af67b8a103c71a250401c78d5e0893beff75e28c53c98f4de42f774062"},
    {file = "cffi-2.0.0-cp312-cp312-manylinux2014_ppc64le.manylinux_2_17_ppc64le.whl", hash = "sha256:1e3a615586f05fc4065a8b22b8152f0c1b00cdbc60596d187c2a74f9e3036e4e"},
    {file = "cffi-2.0.0-cp312-cp312-manylinux2014_s390x.manylinux_2_17_s390x.whl", hash = "sha256:81afed14892743bbe14dacb9e36d9e0e504cd204e0b165062c488942b9718037"},
    {file = "cffi-2.0.0-cp312-cp312-manylinux2014_x86_64.manylinux_2_17_x86_64.whl", hash = "sha256:3e17ed538242334bf70832644a32a7aae3d83b57567f9fd60a26257e992b79ba"},
    {file = "cffi-2.0.0-cp312-cp312-musllinux_1_2_aarch64.whl", hash = "sha256:3925dd22fa2b7699ed2617149842d2e6adde22b262fcbfada50e3d195e4b3a94"},
    {file = "cffi-2.0.0-cp312-cp312-musllinux_1_2_x86_64.whl", hash = "sha256:2c8f814d84194c9ea681642fd164267891702542f028a15fc97d4674b6206187"},
    {file = "cffi-2.0.0-cp312-cp312-win32.whl", hash = "sha256:da902562c3e9c550df360bfa53c035b2f241fed6d9aef119048073680ace4a18"},
    {file = "cffi-2.0.0-cp312-cp312-win_amd64.whl", hash = "sha256:da68248800ad6320861f129cd9c1bf96ca849a2771a59e0344e88681905916f5"},
    {file = "cffi-2.0.0-cp312-cp312-win_arm64.whl", hash = "sha256:4671d9dd5ec934cb9a73e7ee9676f9362aba54f7f34910956b84d727b0d73fb6"},
    {file = "cffi-2.0.0.tar.gz", hash = "sha256:44d1b5909021139fe36001ae048dbdde8214afa20200eda0f64c068cac5d5529"},
]

[[package]]
name = "clr-loader"
version = "0.2.10"
requires_python = ">=3.7"
summary = "Generic pure Python loader for .NET runtimes"
groups = ["default"]
marker = "sys_platform == \"win32\""
dependencies = [
    "cffi>=1.13; python_version <= \"3.8\"",
    "cffi>=1.17; python_version >= \"3.8\"",
]
files = [
    {file = "clr_loader-0.2.10-py3-none-any.whl", hash = "sha256:ebbbf9d511a7fe95fa28a95a4e04cd195b097881dfe66158dc2c281d3536f282"},
    {file = "clr_loader-0.2.10.tar.gz", hash = "sha256:81f114afbc5005bafc5efe5af1341d400e22137e275b042a8979f3feb9fc9446"},
]

[[package]]
name = "markdown"
version = "3.10"
requires_python = ">=3.10"
summary = "Python implementation of John Gruber's Markdown."
groups = ["default"]
files = [
    {file = "markdown-3.10-py3-none-any.whl", hash = "sha256:b5b99d6951e2e4948d939255596523444c0e677c669700b1d17aa4a8a464cb7c"},
    {file = "markdown-3.10.tar.gz", hash = "sha256:37062d4f2aa4b2b6b32aefb80faa300f82cc790cb949a35b8caede34f2b68c0e"},
]

[[package]]
name = "packaging"
version = "25.0"
requires_python = ">=3.8"
summary = "Core utilities for Python packages"
groups = ["default"]
marker = "sys_platform == \"openbsd6\""
files = [
    {file = "packaging-25.0-py3-none-any.whl", hash = "sha256:29572ef2b1f17581046b3a2227d5c611fb25ec70ca1ba8554b24b0e69331a484"},
    {file = "packaging-25.0.tar.gz", hash = "sha256:d443872c98d677bf60f6a1f2f8c1cb748e8fe762d2bf9d3148b5599295b0fc4f"},
]

[[package]]
name = "proxy-tools"
version = "0.1.0"
summary = "Proxy Implementation"
groups = ["default"]
files = [
    {file = "proxy_tools-0.1.0.tar.gz", hash = "sha256:ccb3751f529c047e2d8a58440d86b205303cf0fe8146f784d1cbcd94f0a28010"},
]

[[package]]
name = "pycparser"
version = "2.23"
requires_python = ">=3.8"
summary = "C parser in Python"
groups = ["default"]
marker = "python_version >= \"3.8\" and sys_platform == \"win32\" and implementation_name != \"PyPy\""
files = [
    {file = "pycparser-2.23-py3-none-any.whl", hash = "sha256:e5c6e8d3fbad53479cab09ac03729e0a9faf2bee3db8208a550daf5af81a5934"},
    {file = "pycparser-2.23.tar.gz", hash = "sha256:78816d4f24add8f10a06d6f05b4d424ad9e96cfebf68a4ddc99c65c0720d00c2"},
]

[[package]]
name = "pygments"
version = "2.19.2"
requires_python = ">=3.8"
summary = "Pygments is a syntax highlighting package written in Python."
groups = ["default"]
files = [
    {file = "pygments-2.19.2-py3-none-any.whl", hash = "sha256:86540386c03d588bb81d44bc3928634ff26449851e99741617ecb9037ee5ec0b"},
    {file = "pygments-2.19.2.tar.gz", hash = "sha256:636cb2477cec7f8952536970bc533bc43743542f70392ae026374600add5b887"},
]

[[package]]
name = "pyobjc-core"
version = "12.1"
requires_python = ">=3.10"
summary = "Python<->ObjC Interoperability Module"
groups = ["default"]
marker = "sys_platform == \"darwin\""
files = [
    {file = "pyobjc_core-12.1-cp312-cp312-macosx_10_13_universal2.whl", hash = "sha256:818bcc6723561f207e5b5453efe9703f34bc8781d11ce9b8be286bb415eb4962"},
    {file = "pyobjc_core-12.1.tar.gz", hash = "sha256:2bb3903f5387f72422145e1466b3ac3f7f0ef2e9960afa9bcd8961c5cbf8bd21"},
]

[[package]]
name = "pyobjc-framework-cocoa"
version = "12.1"
requires_python = ">=3.10"
summary = "Wrappers for the Cocoa frameworks on macOS"
groups = ["default"]
marker = "sys_platform == \"darwin\""
dependencies = [
    "pyobjc-core>=12.1",
]
files = [
    {file = "pyobjc_framework_cocoa-12.1-cp312-cp312-macosx_10_13_universal2.whl", hash = "sha256:547c182837214b7ec4796dac5aee3aa25abc665757b75d7f44f83c994bcb0858"},
    {file = "pyobjc_framework_cocoa-12.1.tar.gz", hash = "sha256:5556c87db95711b985d5efdaaf01c917ddd41d148b1e52a0c66b1a2e2c5c1640"},
]

[[package]]
name = "pyobjc-framework-quartz"
version = "12.1"
requires_python = ">=3.10"
summary = "Wrappers for the Quartz frameworks on macOS"
groups = ["default"]
marker = "sys_platform == \"darwin\""
dependencies = [
    "pyobjc-core>=12.1",
    "pyobjc-framework-Cocoa>=12.1",
]
files = [
    {file = "pyobjc_framework_quartz-12.1-cp312-cp312-macosx_10_13_universal2.whl", hash = "sha256:7730cdce46c7e985535b5a42c31381af4aa6556e5642dc55b5e6597595e57a16"},
    {file = "pyobjc_framework_quartz-12.1.tar.gz", hash = "sha256:27f782f3513ac88ec9b6c82d9767eef95a5cf4175ce88a1e5a65875fee799608"},
]

[[package]]
name = "pyobjc-framework-security"
version = "12.1"
requires_python = ">=3.10"
summary = "Wrappers for the framework Security on macOS"
groups = ["default"]
marker = "sys_platform == \"darwin\""
dependencies = [
    "pyobjc-core>=12.1",
    "pyobjc-framework-Cocoa>=12.1",
]
files = [
    {file = "pyobjc_framework_security-12.1-cp312-cp312-macosx_10_13_universal2.whl", hash = "sha256:ab42e55f5b782332be5442750fcd9637ee33247d57c7b1d5801bc0e24ee13278"},
    {file = "pyobjc_framework_security-12.1.tar.gz", hash = "sha256:7fecb982bd2f7c4354513faf90ba4c53c190b7e88167984c2d0da99741de6da9"},
]

[[package]]
name = "pyobjc-framework-uniformtypeidentifiers"
version = "12.1"
requires_python = ">=3.10"
summary = "Wrappers for the framework UniformTypeIdentifiers on macOS"
groups = ["default"]
marker = "sys_platform == \"darwin\""
dependencies = [
    "pyobjc-core>=12.1",
    "pyobjc-framework-Cocoa>=12.1",
]
files = [
    {file = "pyobjc_framework_uniformtypeidentifiers-12.1-py2.py3-none-any.whl", hash = "sha256:ec5411e39152304d2a7e0e426c3058fa37a00860af64e164794e0bcffee813f2"},
    {file = "pyobjc_framework_uniformtypeidentifiers-12.1.tar.gz", hash = "sha256:64510a6df78336579e9c39b873cfcd03371c4b4be2cec8af75a8a3d07dff607d"},
]

[[package]]
name = "pyobjc-framework-webkit"
version = "12.1"
requires_python = ">=3.10"
summary = "Wrappers for the framework WebKit on macOS"
groups = ["default"]
marker = "sys_platform == \"darwin\""
dependencies = [
    "pyobjc-core>=12.1",
    "pyobjc-framework-Cocoa>=12.1",
]
files = [
    {file = "pyobjc_framework_webkit-12.1-cp312-cp312-macosx_10_13_universal2.whl", hash = "sha256:af2c7197447638b92aafbe4847c063b6dd5e1ed83b44d3ce7e71e4c9b042ab5a"},
    {file = "pyobjc_framework_webkit-12.1.tar.gz", hash = "sha256:97a54dd05ab5266bd4f614e41add517ae62cdd5a30328eabb06792474b37d82a"},
]

[[package]]
name = "pythonnet"
version = "3.0.5"
requires_python = "<3.14,>=3.7"
summary = ".NET and Mono integration for Python"
groups = ["default"]
marker = "sys_platform == \"win32\""
dependencies = [
    "clr-loader<0.3.0,>=0.2.7",
]
files = [
    {file = "pythonnet-3.0.5-py3-none-any.whl", hash = "sha256:f6702d694d5d5b163c9f3f5cc34e0bed8d6857150237fae411fefb883a656d20"},
    {file = "pythonnet-3.0.5.tar.gz", hash = "sha256:48e43ca463941b3608b32b4e236db92d8d40db4c58a75ace902985f76dac21cf"},
]

[[package]]
name = "pywebview"
version = "6.1"
requires_python = ">=3.7"
summary = "Build GUI for your Python program with JavaScript, HTML, and CSS"
groups = ["default"]
dependencies = [
    "QtPy; sys_platform == \"openbsd6\"",
    "bottle",
    "importlib-resources; python_version < \"3.7\"",
    "proxy-tools",
    "pyobjc-core; sys_platform == \"darwin\"",
    "pyobjc-framework-Cocoa; sys_platform == \"darwin\"",
    "pyobjc-framework-Quartz; sys_platform == \"darwin\"",
    "pyobjc-framework-UniformTypeIdentifiers; sys_platform == \"darwin\"",
    "pyobjc-framework-WebKit; sys_platform == \"darwin\"",
    "pyobjc-framework-security; sys_platform == \"darwin\"",
    "pythonnet; sys_platform == \"win32\"",
    "typing-extensions",
]
files = [
    {file = "pywebview-6.1-py3-none-any.whl", hash = "sha256:2b552a340557e76a740b045a25937f72dae751e0985d5f5d9556f697ba622ec5"},
    {file = "pywebview-6.1.tar.gz", hash = "sha256:f0b95047860caf3d921581f9e16b4edb1a125b23e2ce691c4da2968f8b160ff2"},
]

[[package]]
name = "qtpy"
version = "2.4.3"
requires_python = ">=3.7"
summary = "Provides an abstraction layer on top of the various Qt bindings (PyQt5/6 and PySide2/6)."
groups = ["default"]
marker = "sys_platform == \"openbsd6\""
dependencies = [
    "packaging",
]
files = [
    {file = "QtPy-2.4.3-py3-none-any.whl", hash = "sha256:72095afe13673e017946cc258b8d5da43314197b741ed2890e563cf384b51aa1"},
    {file = "qtpy-2.4.3.tar.gz", hash = "sha256:db744f7832e6d3da90568ba6ccbca3ee2b3b4a890c3d6fbbc63142f6e4cdf5bb"},
]

[[package]]
name = "typing-extensions"
version = "4.15.0"
requires_python = ">=3.9"
summary = "Backported and Experimental Type Hints for Python 3.9+"
groups = ["default"]
files = [
    {file = "typing_extensions-4.15.0-py3-none-any.whl", hash = "sha256:f0fa19c6845758ab08074a0cfa8b7aecb71c999ca73d62883bc25cc018c4e548"},
    {file = "typing_extensions-4.15.0.tar.gz", hash = "sha256:0cea48d173cc12fa28ecabc3b837ea3cf6f38c6d1136f85cbaaf598984861466"},
]
